
Microsoft Visual Studio Solution File, Format Version 12.00
# Visual Studio Version 17
VisualStudioVersion = 17.0.32112.339
MinimumVisualStudioVersion = 10.0.40219.1
Project("{8BC9CEB8-8B4A-11D0-8D11-00A0C91BC942}") = "Proyecto_Juan_Estrada_Jose_Colombo", "Proyecto_Juan_Estrada_Jose_Colombo\Proyecto_Juan_Estrada_Jose_Colombo.vcxproj", "{F70AD52D-BC20-4AD1-9DB3-D2DBDBE62982}"
EndProject
Global
	GlobalSection(SolutionConfigurationPlatforms) = preSolution
		Debug|x64 = Debug|x64
		Debug|x86 = Debug|x86
		Release|x64 = Release|x64
		Release|x86 = Release|x86
	EndGlobalSection
	GlobalSection(ProjectConfigurationPlatforms) = postSolution
		{F70AD52D-BC20-4AD1-9DB3-D2DBDBE62982}.Debug|x64.ActiveCfg = Debug|x64
		{F70AD52D-BC20-4AD1-9DB3-D2DBDBE62982}.Debug|x64.Build.0 = Debug|x64
		{F70AD52D-BC20-4AD1-9DB3-D2DBDBE62982}.Debug|x86.ActiveCfg = Debug|Win32
		{F70AD52D-BC20-4AD1-9DB3-D2DBDBE62982}.Debug|x86.Build.0 = Debug|Win32
		{F70AD52D-BC20-4AD1-9DB3-D2DBDBE62982}.Release|x64.ActiveCfg = Release|x64
		{F70AD52D-BC20-4AD1-9DB3-D2DBDBE62982}.Release|x64.Build.0 = Release|x64
		{F70AD52D-BC20-4AD1-9DB3-D2DBDBE62982}.Release|x86.ActiveCfg = Release|Win32
		{F70AD52D-BC20-4AD1-9DB3-D2DBDBE62982}.Release|x86.Build.0 = Release|Win32
	EndGlobalSection
	GlobalSection(SolutionProperties) = preSolution
		HideSolutionNode = FALSE
	EndGlobalSection
	GlobalSection(ExtensibilityGlobals) = postSolution
		SolutionGuid = {CC2E67F1-526E-4A44-9159-7A13F8934C48}
	EndGlobalSection
EndGlobal
